
Microsoft Visual Studio Solution File, Format Version 12.00
# Visual Studio Version 16
VisualStudioVersion = 16.0.32602.291
MinimumVisualStudioVersion = 10.0.40219.1
Project("{FAE04EC0-301F-11D3-BF4B-00C04F79EFBC}") = "WebApplicationdemo1", "WebApplicationdemo1.csproj", "{F83FBC31-0E4A-407D-A421-DFFBF42B4BE9}"
EndProject
Global
	GlobalSection(SolutionConfigurationPlatforms) = preSolution
		Debug|Any CPU = Debug|Any CPU
		Release|Any CPU = Release|Any CPU
	EndGlobalSection
	GlobalSection(ProjectConfigurationPlatforms) = postSolution
		{F83FBC31-0E4A-407D-A421-DFFBF42B4BE9}.Debug|Any CPU.ActiveCfg = Debug|Any CPU
		{F83FBC31-0E4A-407D-A421-DFFBF42B4BE9}.Debug|Any CPU.Build.0 = Debug|Any CPU
		{F83FBC31-0E4A-407D-A421-DFFBF42B4BE9}.Release|Any CPU.ActiveCfg = Release|Any CPU
		{F83FBC31-0E4A-407D-A421-DFFBF42B4BE9}.Release|Any CPU.Build.0 = Release|Any CPU
	EndGlobalSection
	GlobalSection(SolutionProperties) = preSolution
		HideSolutionNode = FALSE
	EndGlobalSection
	GlobalSection(ExtensibilityGlobals) = postSolution
		SolutionGuid = {EF982041-EBE0-4D93-B653-7E3699D433DB}
	EndGlobalSection
EndGlobal
